// !$*UTF8*$!
{
	archiveVersion = 1;
	classes = {
	};
	objectVersion = 46;
	objects = {

/* Begin PBXBuildFile section */
		112DE3421EA8993F006AAD9A /* AppDelegate.swift in Sources */ = {isa = PBXBuildFile; fileRef = 112DE3411EA8993F006AAD9A /* AppDelegate.swift */; };
		112DE3471EA8993F006AAD9A /* Main.storyboard in Resources */ = {isa = PBXBuildFile; fileRef = 112DE3451EA8993F006AAD9A /* Main.storyboard */; };
		112DE3491EA8993F006AAD9A /* Assets.xcassets in Resources */ = {isa = PBXBuildFile; fileRef = 112DE3481EA8993F006AAD9A /* Assets.xcassets */; };
		112DE34C1EA8993F006AAD9A /* LaunchScreen.storyboard in Resources */ = {isa = PBXBuildFile; fileRef = 112DE34A1EA8993F006AAD9A /* LaunchScreen.storyboard */; };
		112DE35B1EA8AA52006AAD9A /* MainViewController.swift in Sources */ = {isa = PBXBuildFile; fileRef = 112DE35A1EA8AA52006AAD9A /* MainViewController.swift */; };
		112DE35D1EA8AC97006AAD9A /* DiscoverViewController.swift in Sources */ = {isa = PBXBuildFile; fileRef = 112DE35C1EA8AC97006AAD9A /* DiscoverViewController.swift */; };
		112DE35F1EA8ACA5006AAD9A /* HomeViewController.swift in Sources */ = {isa = PBXBuildFile; fileRef = 112DE35E1EA8ACA5006AAD9A /* HomeViewController.swift */; };
		112DE3611EA8ACB0006AAD9A /* MessageViewController.swift in Sources */ = {isa = PBXBuildFile; fileRef = 112DE3601EA8ACB0006AAD9A /* MessageViewController.swift */; };
		112DE3631EA8ACBC006AAD9A /* ProfileViewController.swift in Sources */ = {isa = PBXBuildFile; fileRef = 112DE3621EA8ACBC006AAD9A /* ProfileViewController.swift */; };
		112DE3651EA8AD2D006AAD9A /* BaseNavigationController.swift in Sources */ = {isa = PBXBuildFile; fileRef = 112DE3641EA8AD2D006AAD9A /* BaseNavigationController.swift */; };
/* End PBXBuildFile section */

/* Begin PBXFileReference section */
		112DE33E1EA8993F006AAD9A /* SmallBlog.app */ = {isa = PBXFileReference; explicitFileType = wrapper.application; includeInIndex = 0; path = SmallBlog.app; sourceTree = BUILT_PRODUCTS_DIR; };
		112DE3411EA8993F006AAD9A /* AppDelegate.swift */ = {isa = PBXFileReference; lastKnownFileType = sourcecode.swift; path = AppDelegate.swift; sourceTree = "<group>"; };
		112DE3461EA8993F006AAD9A /* Base */ = {isa = PBXFileReference; lastKnownFileType = file.storyboard; name = Base; path = Base.lproj/Main.storyboard; sourceTree = "<group>"; };
		112DE3481EA8993F006AAD9A /* Assets.xcassets */ = {isa = PBXFileReference; lastKnownFileType = folder.assetcatalog; path = Assets.xcassets; sourceTree = "<group>"; };
		112DE34B1EA8993F006AAD9A /* Base */ = {isa = PBXFileReference; lastKnownFileType = file.storyboard; name = Base; path = Base.lproj/LaunchScreen.storyboard; sourceTree = "<group>"; };
		112DE34D1EA8993F006AAD9A /* Info.plist */ = {isa = PBXFileReference; lastKnownFileType = text.plist.xml; path = Info.plist; sourceTree = "<group>"; };
		112DE35A1EA8AA52006AAD9A /* MainViewController.swift */ = {isa = PBXFileReference; fileEncoding = 4; lastKnownFileType = sourcecode.swift; name = MainViewController.swift; path = ../../../../MainViewController.swift; sourceTree = "<group>"; };
		112DE35C1EA8AC97006AAD9A /* DiscoverViewController.swift */ = {isa = PBXFileReference; fileEncoding = 4; lastKnownFileType = sourcecode.swift; name = DiscoverViewController.swift; path = ../../../../DiscoverViewController.swift; sourceTree = "<group>"; };
		112DE35E1EA8ACA5006AAD9A /* HomeViewController.swift */ = {isa = PBXFileReference; fileEncoding = 4; lastKnownFileType = sourcecode.swift; name = HomeViewController.swift; path = ../../../../HomeViewController.swift; sourceTree = "<group>"; };
		112DE3601EA8ACB0006AAD9A /* MessageViewController.swift */ = {isa = PBXFileReference; fileEncoding = 4; lastKnownFileType = sourcecode.swift; name = MessageViewController.swift; path = ../../../../MessageViewController.swift; sourceTree = "<group>"; };
		112DE3621EA8ACBC006AAD9A /* ProfileViewController.swift */ = {isa = PBXFileReference; fileEncoding = 4; lastKnownFileType = sourcecode.swift; name = ProfileViewController.swift; path = ../../../../ProfileViewController.swift; sourceTree = "<group>"; };
		112DE3641EA8AD2D006AAD9A /* BaseNavigationController.swift */ = {isa = PBXFileReference; fileEncoding = 4; lastKnownFileType = sourcecode.swift; path = BaseNavigationController.swift; sourceTree = "<group>"; };
/* End PBXFileReference section */

/* Begin PBXFrameworksBuildPhase section */
		112DE33B1EA8993F006AAD9A /* Frameworks */ = {
			isa = PBXFrameworksBuildPhase;
			buildActionMask = 2147483647;
			files = (
			);
			runOnlyForDeploymentPostprocessing = 0;
		};
/* End PBXFrameworksBuildPhase section */

/* Begin PBXGroup section */
		112DE3351EA8993F006AAD9A = {
			isa = PBXGroup;
			children = (
				112DE33F1EA8993F006AAD9A /* Products */,
				112DE3401EA8993F006AAD9A /* SmallBlog */,
			);
			sourceTree = "<group>";
		};
		112DE33F1EA8993F006AAD9A /* Products */ = {
			isa = PBXGroup;
			children = (
				112DE33E1EA8993F006AAD9A /* SmallBlog.app */,
			);
			name = Products;
			sourceTree = "<group>";
		};
		112DE3401EA8993F006AAD9A /* SmallBlog */ = {
			isa = PBXGroup;
			children = (
				112DE3531EA8A089006AAD9A /* Classes */,
				112DE3411EA8993F006AAD9A /* AppDelegate.swift */,
				112DE3481EA8993F006AAD9A /* Assets.xcassets */,
				112DE34D1EA8993F006AAD9A /* Info.plist */,
				112DE34A1EA8993F006AAD9A /* LaunchScreen.storyboard */,
				112DE3451EA8993F006AAD9A /* Main.storyboard */,
			);
			path = SmallBlog;
			sourceTree = "<group>";
		};
		112DE3531EA8A089006AAD9A /* Classes */ = {
			isa = PBXGroup;
			children = (
				112DE3541EA8A093006AAD9A /* Main */,
				112DE3551EA8A09C006AAD9A /* Discover */,
				112DE3571EA8A0CE006AAD9A /* Home */,
				112DE3581EA8A0DA006AAD9A /* Message */,
				112DE3591EA8A145006AAD9A /* Profile */,
			);
			path = Classes;
			sourceTree = "<group>";
		};
		112DE3541EA8A093006AAD9A /* Main */ = {
			isa = PBXGroup;
			children = (
				112DE35A1EA8AA52006AAD9A /* MainViewController.swift */,
				112DE3641EA8AD2D006AAD9A /* BaseNavigationController.swift */,
			);
			path = Main;
			sourceTree = "<group>";
		};
		112DE3551EA8A09C006AAD9A /* Discover */ = {
			isa = PBXGroup;
			children = (
				112DE35C1EA8AC97006AAD9A /* DiscoverViewController.swift */,
			);
			path = Discover;
			sourceTree = "<group>";
		};
		112DE3571EA8A0CE006AAD9A /* Home */ = {
			isa = PBXGroup;
			children = (
				112DE35E1EA8ACA5006AAD9A /* HomeViewController.swift */,
			);
			path = Home;
			sourceTree = "<group>";
		};
		112DE3581EA8A0DA006AAD9A /* Message */ = {
			isa = PBXGroup;
			children = (
				112DE3601EA8ACB0006AAD9A /* MessageViewController.swift */,
			);
			path = Message;
			sourceTree = "<group>";
		};
		112DE3591EA8A145006AAD9A /* Profile */ = {
			isa = PBXGroup;
			children = (
				112DE3621EA8ACBC006AAD9A /* ProfileViewController.swift */,
			);
			path = Profile;
			sourceTree = "<group>";
		};
/* End PBXGroup section */

/* Begin PBXNativeTarget section */
		112DE33D1EA8993F006AAD9A /* SmallBlog */ = {
			isa = PBXNativeTarget;
			buildConfigurationList = 112DE3501EA8993F006AAD9A /* Build configuration list for PBXNativeTarget "SmallBlog" */;
			buildPhases = (
				112DE33A1EA8993F006AAD9A /* Sources */,
				112DE33B1EA8993F006AAD9A /* Frameworks */,
				112DE33C1EA8993F006AAD9A /* Resources */,
			);
			buildRules = (
			);
			dependencies = (
			);
			name = SmallBlog;
			productName = SmallBlog;
			productReference = 112DE33E1EA8993F006AAD9A /* SmallBlog.app */;
			productType = "com.apple.product-type.application";
		};
/* End PBXNativeTarget section */

/* Begin PBXProject section */
		112DE3361EA8993F006AAD9A /* Project object */ = {
			isa = PBXProject;
			attributes = {
				LastSwiftUpdateCheck = 0830;
				LastUpgradeCheck = 0830;
				ORGANIZATIONNAME = "胡梦龙";
				TargetAttributes = {
					112DE33D1EA8993F006AAD9A = {
						CreatedOnToolsVersion = 8.3.2;
						ProvisioningStyle = Automatic;
					};
				};
			};
			buildConfigurationList = 112DE3391EA8993F006AAD9A /* Build configuration list for PBXProject "SmallBlog" */;
			compatibilityVersion = "Xcode 3.2";
			developmentRegion = English;
			hasScannedForEncodings = 0;
			knownRegions = (
				en,
				Base,
			);
			mainGroup = 112DE3351EA8993F006AAD9A;
			productRefGroup = 112DE33F1EA8993F006AAD9A /* Products */;
			projectDirPath = "";
			projectRoot = "";
			targets = (
				112DE33D1EA8993F006AAD9A /* SmallBlog */,
			);
		};
/* End PBXProject section */

/* Begin PBXResourcesBuildPhase section */
		112DE33C1EA8993F006AAD9A /* Resources */ = {
			isa = PBXResourcesBuildPhase;
			buildActionMask = 2147483647;
			files = (
				112DE34C1EA8993F006AAD9A /* LaunchScreen.storyboard in Resources */,
				112DE3491EA8993F006AAD9A /* Assets.xcassets in Resources */,
				112DE3471EA8993F006AAD9A /* Main.storyboard in Resources */,
			);
			runOnlyForDeploymentPostprocessing = 0;
		};
/* End PBXResourcesBuildPhase section */

/* Begin PBXSourcesBuildPhase section */
		112DE33A1EA8993F006AAD9A /* Sources */ = {
			isa = PBXSourcesBuildPhase;
			buildActionMask = 2147483647;
			files = (
				112DE3631EA8ACBC006AAD9A /* ProfileViewController.swift in Sources */,
				112DE3651EA8AD2D006AAD9A /* BaseNavigationController.swift in Sources */,
				112DE35D1EA8AC97006AAD9A /* DiscoverViewController.swift in Sources */,
				112DE3421EA8993F006AAD9A /* AppDelegate.swift in Sources */,
				112DE35B1EA8AA52006AAD9A /* MainViewController.swift in Sources */,
				112DE35F1EA8ACA5006AAD9A /* HomeViewController.swift in Sources */,
				112DE3611EA8ACB0006AAD9A /* MessageViewController.swift in Sources */,
			);
			runOnlyForDeploymentPostprocessing = 0;
		};
/* End PBXSourcesBuildPhase section */

/* Begin PBXVariantGroup section */
		112DE3451EA8993F006AAD9A /* Main.storyboard */ = {
			isa = PBXVariantGroup;
			children = (
				112DE3461EA8993F006AAD9A /* Base */,
			);
			name = Main.storyboard;
			path = .;
			sourceTree = "<group>";
		};
		112DE34A1EA8993F006AAD9A /* LaunchScreen.storyboard */ = {
			isa = PBXVariantGroup;
			children = (
				112DE34B1EA8993F006AAD9A /* Base */,
			);
			name = LaunchScreen.storyboard;
			path = .;
			sourceTree = "<group>";
		};
/* End PBXVariantGroup section */

/* Begin XCBuildConfiguration section */
		112DE34E1EA8993F006AAD9A /* Debug */ = {
			isa = XCBuildConfiguration;
			buildSettings = {
				ALWAYS_SEARCH_USER_PATHS = NO;
				CLANG_ANALYZER_NONNULL = YES;
				CLANG_ANALYZER_NUMBER_OBJECT_CONVERSION = YES_AGGRESSIVE;
				CLANG_CXX_LANGUAGE_STANDARD = "gnu++0x";
				CLANG_CXX_LIBRARY = "libc++";
				CLANG_ENABLE_MODULES = YES;
				CLANG_ENABLE_OBJC_ARC = YES;
				CLANG_WARN_BOOL_CONVERSION = YES;
				CLANG_WARN_CONSTANT_CONVERSION = YES;
				CLANG_WARN_DIRECT_OBJC_ISA_USAGE = YES_ERROR;
				CLANG_WARN_DOCUMENTATION_COMMENTS = YES;
				CLANG_WARN_EMPTY_BODY = YES;
				CLANG_WARN_ENUM_CONVERSION = YES;
				CLANG_WARN_INFINITE_RECURSION = YES;
				CLANG_WARN_INT_CONVERSION = YES;
				CLANG_WARN_OBJC_ROOT_CLASS = YES_ERROR;
				CLANG_WARN_SUSPICIOUS_MOVE = YES;
				CLANG_WARN_UNREACHABLE_CODE = YES;
				CLANG_WARN__DUPLICATE_METHOD_MATCH = YES;
				"CODE_SIGN_IDENTITY[sdk=iphoneos*]" = "iPhone Developer";
				COPY_PHASE_STRIP = NO;
				DEBUG_INFORMATION_FORMAT = dwarf;
				ENABLE_STRICT_OBJC_MSGSEND = YES;
				ENABLE_TESTABILITY = YES;
				GCC_C_LANGUAGE_STANDARD = gnu99;
				GCC_DYNAMIC_NO_PIC = NO;
				GCC_NO_COMMON_BLOCKS = YES;
				GCC_OPTIMIZATION_LEVEL = 0;
				GCC_PREPROCESSOR_DEFINITIONS = (
					"DEBUG=1",
					"$(inherited)",
				);
				GCC_WARN_64_TO_32_BIT_CONVERSION = YES;
				GCC_WARN_ABOUT_RETURN_TYPE = YES_ERROR;
				GCC_WARN_UNDECLARED_SELECTOR = YES;
				GCC_WARN_UNINITIALIZED_AUTOS = YES_AGGRESSIVE;
				GCC_WARN_UNUSED_FUNCTION = YES;
				GCC_WARN_UNUSED_VARIABLE = YES;
				IPHONEOS_DEPLOYMENT_TARGET = 10.3;
				MTL_ENABLE_DEBUG_INFO = YES;
				ONLY_ACTIVE_ARCH = YES;
				SDKROOT = iphoneos;
				SWIFT_ACTIVE_COMPILATION_CONDITIONS = DEBUG;
				SWIFT_OPTIMIZATION_LEVEL = "-Onone";
			};
			name = Debug;
		};
		112DE34F1EA8993F006AAD9A /* Release */ = {
			isa = XCBuildConfiguration;
			buildSettings = {
				ALWAYS_SEARCH_USER_PATHS = NO;
				CLANG_ANALYZER_NONNULL = YES;
				CLANG_ANALYZER_NUMBER_OBJECT_CONVERSION = YES_AGGRESSIVE;
				CLANG_CXX_LANGUAGE_STANDARD = "gnu++0x";
				CLANG_CXX_LIBRARY = "libc++";
				CLANG_ENABLE_MODULES = YES;
				CLANG_ENABLE_OBJC_ARC = YES;
				CLANG_WARN_BOOL_CONVERSION = YES;
				CLANG_WARN_CONSTANT_CONVERSION = YES;
				CLANG_WARN_DIRECT_OBJC_ISA_USAGE = YES_ERROR;
				CLANG_WARN_DOCUMENTATION_COMMENTS = YES;
				CLANG_WARN_EMPTY_BODY = YES;
				CLANG_WARN_ENUM_CONVERSION = YES;
				CLANG_WARN_INFINITE_RECURSION = YES;
				CLANG_WARN_INT_CONVERSION = YES;
				CLANG_WARN_OBJC_ROOT_CLASS = YES_ERROR;
				CLANG_WARN_SUSPICIOUS_MOVE = YES;
				CLANG_WARN_UNREACHABLE_CODE = YES;
				CLANG_WARN__DUPLICATE_METHOD_MATCH = YES;
				"CODE_SIGN_IDENTITY[sdk=iphoneos*]" = "iPhone Developer";
				COPY_PHASE_STRIP = NO;
				DEBUG_INFORMATION_FORMAT = "dwarf-with-dsym";
				ENABLE_NS_ASSERTIONS = NO;
				ENABLE_STRICT_OBJC_MSGSEND = YES;
				GCC_C_LANGUAGE_STANDARD = gnu99;
				GCC_NO_COMMON_BLOCKS = YES;
				GCC_WARN_64_TO_32_BIT_CONVERSION = YES;
				GCC_WARN_ABOUT_RETURN_TYPE = YES_ERROR;
				GCC_WARN_UNDECLARED_SELECTOR = YES;
				GCC_WARN_UNINITIALIZED_AUTOS = YES_AGGRESSIVE;
				GCC_WARN_UNUSED_FUNCTION = YES;
				GCC_WARN_UNUSED_VARIABLE = YES;
				IPHONEOS_DEPLOYMENT_TARGET = 10.3;
				MTL_ENABLE_DEBUG_INFO = NO;
				SDKROOT = iphoneos;
				SWIFT_OPTIMIZATION_LEVEL = "-Owholemodule";
				VALIDATE_PRODUCT = YES;
			};
			name = Release;
		};
		112DE3511EA8993F006AAD9A /* Debug */ = {
			isa = XCBuildConfiguration;
			buildSettings = {
				ASSETCATALOG_COMPILER_APPICON_NAME = AppIcon;
				INFOPLIST_FILE = SmallBlog/Info.plist;
				IPHONEOS_DEPLOYMENT_TARGET = 9;
				LD_RUNPATH_SEARCH_PATHS = "$(inherited) @executable_path/Frameworks";
				PRODUCT_BUNDLE_IDENTIFIER = com.cn.SmallBlog;
				PRODUCT_NAME = "$(TARGET_NAME)";
				SWIFT_VERSION = 3.0;
			};
			name = Debug;
		};
		112DE3521EA8993F006AAD9A /* Release */ = {
			isa = XCBuildConfiguration;
			buildSettings = {
				ASSETCATALOG_COMPILER_APPICON_NAME = AppIcon;
				INFOPLIST_FILE = SmallBlog/Info.plist;
				IPHONEOS_DEPLOYMENT_TARGET = 9;
				LD_RUNPATH_SEARCH_PATHS = "$(inherited) @executable_path/Frameworks";
				PRODUCT_BUNDLE_IDENTIFIER = com.cn.SmallBlog;
				PRODUCT_NAME = "$(TARGET_NAME)";
				SWIFT_VERSION = 3.0;
			};
			name = Release;
		};
/* End XCBuildConfiguration section */

/* Begin XCConfigurationList section */
		112DE3391EA8993F006AAD9A /* Build configuration list for PBXProject "SmallBlog" */ = {
			isa = XCConfigurationList;
			buildConfigurations = (
				112DE34E1EA8993F006AAD9A /* Debug */,
				112DE34F1EA8993F006AAD9A /* Release */,
			);
			defaultConfigurationIsVisible = 0;
			defaultConfigurationName = Release;
		};
		112DE3501EA8993F006AAD9A /* Build configuration list for PBXNativeTarget "SmallBlog" */ = {
			isa = XCConfigurationList;
			buildConfigurations = (
				112DE3511EA8993F006AAD9A /* Debug */,
				112DE3521EA8993F006AAD9A /* Release */,
			);
			defaultConfigurationIsVisible = 0;
			defaultConfigurationName = Release;
		};
/* End XCConfigurationList section */
	};
	rootObject = 112DE3361EA8993F006AAD9A /* Project object */;
}
